
Microsoft Visual Studio Solution File, Format Version 12.00
# Visual Studio Version 16
VisualStudioVersion = 16.0.31019.35
MinimumVisualStudioVersion = 10.0.40219.1
Project("{9A19103F-16F7-4668-BE54-9A1E7A4F7556}") = "PT_Test", "PT_Test\PT_Test.csproj", "{646A77D4-C0A5-4387-A302-5E613FDA2613}"
EndProject
Global
	GlobalSection(SolutionConfigurationPlatforms) = preSolution
		Debug|Any CPU = Debug|Any CPU
		Release|Any CPU = Release|Any CPU
	EndGlobalSection
	GlobalSection(ProjectConfigurationPlatforms) = postSolution
		{646A77D4-C0A5-4387-A302-5E613FDA2613}.Debug|Any CPU.ActiveCfg = Debug|Any CPU
		{646A77D4-C0A5-4387-A302-5E613FDA2613}.Debug|Any CPU.Build.0 = Debug|Any CPU
		{646A77D4-C0A5-4387-A302-5E613FDA2613}.Release|Any CPU.ActiveCfg = Release|Any CPU
		{646A77D4-C0A5-4387-A302-5E613FDA2613}.Release|Any CPU.Build.0 = Release|Any CPU
	EndGlobalSection
	GlobalSection(SolutionProperties) = preSolution
		HideSolutionNode = FALSE
	EndGlobalSection
	GlobalSection(ExtensibilityGlobals) = postSolution
		SolutionGuid = {AC47876F-7A93-4E87-A11C-A53EB82C67E8}
	EndGlobalSection
EndGlobal
